// !$*UTF8*$!
{
	archiveVersion = 1;
	classes = {
	};
	objectVersion = 46;
	objects = {

/* Begin PBXBuildFile section */
		A61FF7831AA3962600888738 /* main.m in Sources */ = {isa = PBXBuildFile; fileRef = A61FF7821AA3962600888738 /* main.m */; };
		A61FF7861AA3962600888738 /* AppDelegate.m in Sources */ = {isa = PBXBuildFile; fileRef = A61FF7851AA3962600888738 /* AppDelegate.m */; };
		A61FF7891AA3962600888738 /* crudCoreData.xcdatamodeld in Sources */ = {isa = PBXBuildFile; fileRef = A61FF7871AA3962600888738 /* crudCoreData.xcdatamodeld */; };
		A61FF78F1AA3962600888738 /* Main.storyboard in Resources */ = {isa = PBXBuildFile; fileRef = A61FF78D1AA3962600888738 /* Main.storyboard */; };
		A61FF7911AA3962600888738 /* Images.xcassets in Resources */ = {isa = PBXBuildFile; fileRef = A61FF7901AA3962600888738 /* Images.xcassets */; };
		A61FF7941AA3962600888738 /* LaunchScreen.xib in Resources */ = {isa = PBXBuildFile; fileRef = A61FF7921AA3962600888738 /* LaunchScreen.xib */; };
		A61FF7A01AA3962700888738 /* crudCoreDataTests.m in Sources */ = {isa = PBXBuildFile; fileRef = A61FF79F1AA3962700888738 /* crudCoreDataTests.m */; };
		A61FF7AB1AA399F100888738 /* MainTableViewController.m in Sources */ = {isa = PBXBuildFile; fileRef = A61FF7AA1AA399F100888738 /* MainTableViewController.m */; };
		A61FF7AE1AA39C4E00888738 /* MyDetailViewController.m in Sources */ = {isa = PBXBuildFile; fileRef = A61FF7AD1AA39C4E00888738 /* MyDetailViewController.m */; };
/* End PBXBuildFile section */

/* Begin PBXContainerItemProxy section */
		A61FF79A1AA3962700888738 /* PBXContainerItemProxy */ = {
			isa = PBXContainerItemProxy;
			containerPortal = A61FF7751AA3962600888738 /* Project object */;
			proxyType = 1;
			remoteGlobalIDString = A61FF77C1AA3962600888738;
			remoteInfo = crudCoreData;
		};
/* End PBXContainerItemProxy section */

/* Begin PBXFileReference section */
		A61FF77D1AA3962600888738 /* crudCoreData.app */ = {isa = PBXFileReference; explicitFileType = wrapper.application; includeInIndex = 0; path = crudCoreData.app; sourceTree = BUILT_PRODUCTS_DIR; };
		A61FF7811AA3962600888738 /* Info.plist */ = {isa = PBXFileReference; lastKnownFileType = text.plist.xml; path = Info.plist; sourceTree = "<group>"; };
		A61FF7821AA3962600888738 /* main.m */ = {isa = PBXFileReference; lastKnownFileType = sourcecode.c.objc; path = main.m; sourceTree = "<group>"; };
		A61FF7841AA3962600888738 /* AppDelegate.h */ = {isa = PBXFileReference; lastKnownFileType = sourcecode.c.h; path = AppDelegate.h; sourceTree = "<group>"; };
		A61FF7851AA3962600888738 /* AppDelegate.m */ = {isa = PBXFileReference; lastKnownFileType = sourcecode.c.objc; path = AppDelegate.m; sourceTree = "<group>"; };
		A61FF7881AA3962600888738 /* crudCoreData.xcdatamodel */ = {isa = PBXFileReference; lastKnownFileType = wrapper.xcdatamodel; path = crudCoreData.xcdatamodel; sourceTree = "<group>"; };
		A61FF78E1AA3962600888738 /* Base */ = {isa = PBXFileReference; lastKnownFileType = file.storyboard; name = Base; path = Base.lproj/Main.storyboard; sourceTree = "<group>"; };
		A61FF7901AA3962600888738 /* Images.xcassets */ = {isa = PBXFileReference; lastKnownFileType = folder.assetcatalog; path = Images.xcassets; sourceTree = "<group>"; };
		A61FF7931AA3962600888738 /* Base */ = {isa = PBXFileReference; lastKnownFileType = file.xib; name = Base; path = Base.lproj/LaunchScreen.xib; sourceTree = "<group>"; };
		A61FF7991AA3962700888738 /* crudCoreDataTests.xctest */ = {isa = PBXFileReference; explicitFileType = wrapper.cfbundle; includeInIndex = 0; path = crudCoreDataTests.xctest; sourceTree = BUILT_PRODUCTS_DIR; };
		A61FF79E1AA3962700888738 /* Info.plist */ = {isa = PBXFileReference; lastKnownFileType = text.plist.xml; path = Info.plist; sourceTree = "<group>"; };
		A61FF79F1AA3962700888738 /* crudCoreDataTests.m */ = {isa = PBXFileReference; lastKnownFileType = sourcecode.c.objc; path = crudCoreDataTests.m; sourceTree = "<group>"; };
		A61FF7A91AA399F100888738 /* MainTableViewController.h */ = {isa = PBXFileReference; fileEncoding = 4; lastKnownFileType = sourcecode.c.h; path = MainTableViewController.h; sourceTree = "<group>"; };
		A61FF7AA1AA399F100888738 /* MainTableViewController.m */ = {isa = PBXFileReference; fileEncoding = 4; lastKnownFileType = sourcecode.c.objc; path = MainTableViewController.m; sourceTree = "<group>"; };
		A61FF7AC1AA39C4E00888738 /* MyDetailViewController.h */ = {isa = PBXFileReference; fileEncoding = 4; lastKnownFileType = sourcecode.c.h; path = MyDetailViewController.h; sourceTree = "<group>"; };
		A61FF7AD1AA39C4E00888738 /* MyDetailViewController.m */ = {isa = PBXFileReference; fileEncoding = 4; lastKnownFileType = sourcecode.c.objc; path = MyDetailViewController.m; sourceTree = "<group>"; };
/* End PBXFileReference section */

/* Begin PBXFrameworksBuildPhase section */
		A61FF77A1AA3962600888738 /* Frameworks */ = {
			isa = PBXFrameworksBuildPhase;
			buildActionMask = 2147483647;
			files = (
			);
			runOnlyForDeploymentPostprocessing = 0;
		};
		A61FF7961AA3962700888738 /* Frameworks */ = {
			isa = PBXFrameworksBuildPhase;
			buildActionMask = 2147483647;
			files = (
			);
			runOnlyForDeploymentPostprocessing = 0;
		};
/* End PBXFrameworksBuildPhase section */

/* Begin PBXGroup section */
		A61FF7741AA3962600888738 = {
			isa = PBXGroup;
			children = (
				A61FF77F1AA3962600888738 /* crudCoreData */,
				A61FF79C1AA3962700888738 /* crudCoreDataTests */,
				A61FF77E1AA3962600888738 /* Products */,
			);
			sourceTree = "<group>";
		};
		A61FF77E1AA3962600888738 /* Products */ = {
			isa = PBXGroup;
			children = (
				A61FF77D1AA3962600888738 /* crudCoreData.app */,
				A61FF7991AA3962700888738 /* crudCoreDataTests.xctest */,
			);
			name = Products;
			sourceTree = "<group>";
		};
		A61FF77F1AA3962600888738 /* crudCoreData */ = {
			isa = PBXGroup;
			children = (
				A61FF7841AA3962600888738 /* AppDelegate.h */,
				A61FF7851AA3962600888738 /* AppDelegate.m */,
				A61FF78D1AA3962600888738 /* Main.storyboard */,
				A61FF7901AA3962600888738 /* Images.xcassets */,
				A61FF7921AA3962600888738 /* LaunchScreen.xib */,
				A61FF7871AA3962600888738 /* crudCoreData.xcdatamodeld */,
				A61FF7801AA3962600888738 /* Supporting Files */,
				A61FF7A91AA399F100888738 /* MainTableViewController.h */,
				A61FF7AA1AA399F100888738 /* MainTableViewController.m */,
				A61FF7AC1AA39C4E00888738 /* MyDetailViewController.h */,
				A61FF7AD1AA39C4E00888738 /* MyDetailViewController.m */,
			);
			path = crudCoreData;
			sourceTree = "<group>";
		};
		A61FF7801AA3962600888738 /* Supporting Files */ = {
			isa = PBXGroup;
			children = (
				A61FF7811AA3962600888738 /* Info.plist */,
				A61FF7821AA3962600888738 /* main.m */,
			);
			name = "Supporting Files";
			sourceTree = "<group>";
		};
		A61FF79C1AA3962700888738 /* crudCoreDataTests */ = {
			isa = PBXGroup;
			children = (
				A61FF79F1AA3962700888738 /* crudCoreDataTests.m */,
				A61FF79D1AA3962700888738 /* Supporting Files */,
			);
			path = crudCoreDataTests;
			sourceTree = "<group>";
		};
		A61FF79D1AA3962700888738 /* Supporting Files */ = {
			isa = PBXGroup;
			children = (
				A61FF79E1AA3962700888738 /* Info.plist */,
			);
			name = "Supporting Files";
			sourceTree = "<group>";
		};
/* End PBXGroup section */

/* Begin PBXNativeTarget section */
		A61FF77C1AA3962600888738 /* crudCoreData */ = {
			isa = PBXNativeTarget;
			buildConfigurationList = A61FF7A31AA3962700888738 /* Build configuration list for PBXNativeTarget "crudCoreData" */;
			buildPhases = (
				A61FF7791AA3962600888738 /* Sources */,
				A61FF77A1AA3962600888738 /* Frameworks */,
				A61FF77B1AA3962600888738 /* Resources */,
			);
			buildRules = (
			);
			dependencies = (
			);
			name = crudCoreData;
			productName = crudCoreData;
			productReference = A61FF77D1AA3962600888738 /* crudCoreData.app */;
			productType = "com.apple.product-type.application";
		};
		A61FF7981AA3962700888738 /* crudCoreDataTests */ = {
			isa = PBXNativeTarget;
			buildConfigurationList = A61FF7A61AA3962700888738 /* Build configuration list for PBXNativeTarget "crudCoreDataTests" */;
			buildPhases = (
				A61FF7951AA3962700888738 /* Sources */,
				A61FF7961AA3962700888738 /* Frameworks */,
				A61FF7971AA3962700888738 /* Resources */,
			);
			buildRules = (
			);
			dependencies = (
				A61FF79B1AA3962700888738 /* PBXTargetDependency */,
			);
			name = crudCoreDataTests;
			productName = crudCoreDataTests;
			productReference = A61FF7991AA3962700888738 /* crudCoreDataTests.xctest */;
			productType = "com.apple.product-type.bundle.unit-test";
		};
/* End PBXNativeTarget section */

/* Begin PBXProject section */
		A61FF7751AA3962600888738 /* Project object */ = {
			isa = PBXProject;
			attributes = {
				LastUpgradeCheck = 0610;
				ORGANIZATIONNAME = "Ariel Robles";
				TargetAttributes = {
					A61FF77C1AA3962600888738 = {
						CreatedOnToolsVersion = 6.1.1;
					};
					A61FF7981AA3962700888738 = {
						CreatedOnToolsVersion = 6.1.1;
						TestTargetID = A61FF77C1AA3962600888738;
					};
				};
			};
			buildConfigurationList = A61FF7781AA3962600888738 /* Build configuration list for PBXProject "crudCoreData" */;
			compatibilityVersion = "Xcode 3.2";
			developmentRegion = English;
			hasScannedForEncodings = 0;
			knownRegions = (
				en,
				Base,
			);
			mainGroup = A61FF7741AA3962600888738;
			productRefGroup = A61FF77E1AA3962600888738 /* Products */;
			projectDirPath = "";
			projectRoot = "";
			targets = (
				A61FF77C1AA3962600888738 /* crudCoreData */,
				A61FF7981AA3962700888738 /* crudCoreDataTests */,
			);
		};
/* End PBXProject section */

/* Begin PBXResourcesBuildPhase section */
		A61FF77B1AA3962600888738 /* Resources */ = {
			isa = PBXResourcesBuildPhase;
			buildActionMask = 2147483647;
			files = (
				A61FF78F1AA3962600888738 /* Main.storyboard in Resources */,
				A61FF7941AA3962600888738 /* LaunchScreen.xib in Resources */,
				A61FF7911AA3962600888738 /* Images.xcassets in Resources */,
			);
			runOnlyForDeploymentPostprocessing = 0;
		};
		A61FF7971AA3962700888738 /* Resources */ = {
			isa = PBXResourcesBuildPhase;
			buildActionMask = 2147483647;
			files = (
			);
			runOnlyForDeploymentPostprocessing = 0;
		};
/* End PBXResourcesBuildPhase section */

/* Begin PBXSourcesBuildPhase section */
		A61FF7791AA3962600888738 /* Sources */ = {
			isa = PBXSourcesBuildPhase;
			buildActionMask = 2147483647;
			files = (
				A61FF7AB1AA399F100888738 /* MainTableViewController.m in Sources */,
				A61FF7AE1AA39C4E00888738 /* MyDetailViewController.m in Sources */,
				A61FF7861AA3962600888738 /* AppDelegate.m in Sources */,
				A61FF7891AA3962600888738 /* crudCoreData.xcdatamodeld in Sources */,
				A61FF7831AA3962600888738 /* main.m in Sources */,
			);
			runOnlyForDeploymentPostprocessing = 0;
		};
		A61FF7951AA3962700888738 /* Sources */ = {
			isa = PBXSourcesBuildPhase;
			buildActionMask = 2147483647;
			files = (
				A61FF7A01AA3962700888738 /* crudCoreDataTests.m in Sources */,
			);
			runOnlyForDeploymentPostprocessing = 0;
		};
/* End PBXSourcesBuildPhase section */

/* Begin PBXTargetDependency section */
		A61FF79B1AA3962700888738 /* PBXTargetDependency */ = {
			isa = PBXTargetDependency;
			target = A61FF77C1AA3962600888738 /* crudCoreData */;
			targetProxy = A61FF79A1AA3962700888738 /* PBXContainerItemProxy */;
		};
/* End PBXTargetDependency section */

/* Begin PBXVariantGroup section */
		A61FF78D1AA3962600888738 /* Main.storyboard */ = {
			isa = PBXVariantGroup;
			children = (
				A61FF78E1AA3962600888738 /* Base */,
			);
			name = Main.storyboard;
			sourceTree = "<group>";
		};
		A61FF7921AA3962600888738 /* LaunchScreen.xib */ = {
			isa = PBXVariantGroup;
			children = (
				A61FF7931AA3962600888738 /* Base */,
			);
			name = LaunchScreen.xib;
			sourceTree = "<group>";
		};
/* End PBXVariantGroup section */

/* Begin XCBuildConfiguration section */
		A61FF7A11AA3962700888738 /* Debug */ = {
			isa = XCBuildConfiguration;
			buildSettings = {
				ALWAYS_SEARCH_USER_PATHS = NO;
				CLANG_CXX_LANGUAGE_STANDARD = "gnu++0x";
				CLANG_CXX_LIBRARY = "libc++";
				CLANG_ENABLE_MODULES = YES;
				CLANG_ENABLE_OBJC_ARC = YES;
				CLANG_WARN_BOOL_CONVERSION = YES;
				CLANG_WARN_CONSTANT_CONVERSION = YES;
				CLANG_WARN_DIRECT_OBJC_ISA_USAGE = YES_ERROR;
				CLANG_WARN_EMPTY_BODY = YES;
				CLANG_WARN_ENUM_CONVERSION = YES;
				CLANG_WARN_INT_CONVERSION = YES;
				CLANG_WARN_OBJC_ROOT_CLASS = YES_ERROR;
				CLANG_WARN_UNREACHABLE_CODE = YES;
				CLANG_WARN__DUPLICATE_METHOD_MATCH = YES;
				"CODE_SIGN_IDENTITY[sdk=iphoneos*]" = "iPhone Developer";
				COPY_PHASE_STRIP = NO;
				ENABLE_STRICT_OBJC_MSGSEND = YES;
				GCC_C_LANGUAGE_STANDARD = gnu99;
				GCC_DYNAMIC_NO_PIC = NO;
				GCC_OPTIMIZATION_LEVEL = 0;
				GCC_PREPROCESSOR_DEFINITIONS = (
					"DEBUG=1",
					"$(inherited)",
				);
				GCC_SYMBOLS_PRIVATE_EXTERN = NO;
				GCC_WARN_64_TO_32_BIT_CONVERSION = YES;
				GCC_WARN_ABOUT_RETURN_TYPE = YES_ERROR;
				GCC_WARN_UNDECLARED_SELECTOR = YES;
				GCC_WARN_UNINITIALIZED_AUTOS = YES_AGGRESSIVE;
				GCC_WARN_UNUSED_FUNCTION = YES;
				GCC_WARN_UNUSED_VARIABLE = YES;
				IPHONEOS_DEPLOYMENT_TARGET = 8.1;
				MTL_ENABLE_DEBUG_INFO = YES;
				ONLY_ACTIVE_ARCH = YES;
				SDKROOT = iphoneos;
			};
			name = Debug;
		};
		A61FF7A21AA3962700888738 /* Release */ = {
			isa = XCBuildConfiguration;
			buildSettings = {
				ALWAYS_SEARCH_USER_PATHS = NO;
				CLANG_CXX_LANGUAGE_STANDARD = "gnu++0x";
				CLANG_CXX_LIBRARY = "libc++";
				CLANG_ENABLE_MODULES = YES;
				CLANG_ENABLE_OBJC_ARC = YES;
				CLANG_WARN_BOOL_CONVERSION = YES;
				CLANG_WARN_CONSTANT_CONVERSION = YES;
				CLANG_WARN_DIRECT_OBJC_ISA_USAGE = YES_ERROR;
				CLANG_WARN_EMPTY_BODY = YES;
				CLANG_WARN_ENUM_CONVERSION = YES;
				CLANG_WARN_INT_CONVERSION = YES;
				CLANG_WARN_OBJC_ROOT_CLASS = YES_ERROR;
				CLANG_WARN_UNREACHABLE_CODE = YES;
				CLANG_WARN__DUPLICATE_METHOD_MATCH = YES;
				"CODE_SIGN_IDENTITY[sdk=iphoneos*]" = "iPhone Developer";
				COPY_PHASE_STRIP = YES;
				ENABLE_NS_ASSERTIONS = NO;
				ENABLE_STRICT_OBJC_MSGSEND = YES;
				GCC_C_LANGUAGE_STANDARD = gnu99;
				GCC_WARN_64_TO_32_BIT_CONVERSION = YES;
				GCC_WARN_ABOUT_RETURN_TYPE = YES_ERROR;
				GCC_WARN_UNDECLARED_SELECTOR = YES;
				GCC_WARN_UNINITIALIZED_AUTOS = YES_AGGRESSIVE;
				GCC_WARN_UNUSED_FUNCTION = YES;
				GCC_WARN_UNUSED_VARIABLE = YES;
				IPHONEOS_DEPLOYMENT_TARGET = 8.1;
				MTL_ENABLE_DEBUG_INFO = NO;
				SDKROOT = iphoneos;
				VALIDATE_PRODUCT = YES;
			};
			name = Release;
		};
		A61FF7A41AA3962700888738 /* Debug */ = {
			isa = XCBuildConfiguration;
			buildSettings = {
				ASSETCATALOG_COMPILER_APPICON_NAME = AppIcon;
				INFOPLIST_FILE = crudCoreData/Info.plist;
				LD_RUNPATH_SEARCH_PATHS = "$(inherited) @executable_path/Frameworks";
				PRODUCT_NAME = "$(TARGET_NAME)";
			};
			name = Debug;
		};
		A61FF7A51AA3962700888738 /* Release */ = {
			isa = XCBuildConfiguration;
			buildSettings = {
				ASSETCATALOG_COMPILER_APPICON_NAME = AppIcon;
				INFOPLIST_FILE = crudCoreData/Info.plist;
				LD_RUNPATH_SEARCH_PATHS = "$(inherited) @executable_path/Frameworks";
				PRODUCT_NAME = "$(TARGET_NAME)";
			};
			name = Release;
		};
		A61FF7A71AA3962700888738 /* Debug */ = {
			isa = XCBuildConfiguration;
			buildSettings = {
				BUNDLE_LOADER = "$(TEST_HOST)";
				FRAMEWORK_SEARCH_PATHS = (
					"$(SDKROOT)/Developer/Library/Frameworks",
					"$(inherited)",
				);
				GCC_PREPROCESSOR_DEFINITIONS = (
					"DEBUG=1",
					"$(inherited)",
				);
				INFOPLIST_FILE = crudCoreDataTests/Info.plist;
				LD_RUNPATH_SEARCH_PATHS = "$(inherited) @executable_path/Frameworks @loader_path/Frameworks";
				PRODUCT_NAME = "$(TARGET_NAME)";
				TEST_HOST = "$(BUILT_PRODUCTS_DIR)/crudCoreData.app/crudCoreData";
			};
			name = Debug;
		};
		A61FF7A81AA3962700888738 /* Release */ = {
			isa = XCBuildConfiguration;
			buildSettings = {
				BUNDLE_LOADER = "$(TEST_HOST)";
				FRAMEWORK_SEARCH_PATHS = (
					"$(SDKROOT)/Developer/Library/Frameworks",
					"$(inherited)",
				);
				INFOPLIST_FILE = crudCoreDataTests/Info.plist;
				LD_RUNPATH_SEARCH_PATHS = "$(inherited) @executable_path/Frameworks @loader_path/Frameworks";
				PRODUCT_NAME = "$(TARGET_NAME)";
				TEST_HOST = "$(BUILT_PRODUCTS_DIR)/crudCoreData.app/crudCoreData";
			};
			name = Release;
		};
/* End XCBuildConfiguration section */

/* Begin XCConfigurationList section */
		A61FF7781AA3962600888738 /* Build configuration list for PBXProject "crudCoreData" */ = {
			isa = XCConfigurationList;
			buildConfigurations = (
				A61FF7A11AA3962700888738 /* Debug */,
				A61FF7A21AA3962700888738 /* Release */,
			);
			defaultConfigurationIsVisible = 0;
			defaultConfigurationName = Release;
		};
		A61FF7A31AA3962700888738 /* Build configuration list for PBXNativeTarget "crudCoreData" */ = {
			isa = XCConfigurationList;
			buildConfigurations = (
				A61FF7A41AA3962700888738 /* Debug */,
				A61FF7A51AA3962700888738 /* Release */,
			);
			defaultConfigurationIsVisible = 0;
		};
		A61FF7A61AA3962700888738 /* Build configuration list for PBXNativeTarget "crudCoreDataTests" */ = {
			isa = XCConfigurationList;
			buildConfigurations = (
				A61FF7A71AA3962700888738 /* Debug */,
				A61FF7A81AA3962700888738 /* Release */,
			);
			defaultConfigurationIsVisible = 0;
		};
/* End XCConfigurationList section */

/* Begin XCVersionGroup section */
		A61FF7871AA3962600888738 /* crudCoreData.xcdatamodeld */ = {
			isa = XCVersionGroup;
			children = (
				A61FF7881AA3962600888738 /* crudCoreData.xcdatamodel */,
			);
			currentVersion = A61FF7881AA3962600888738 /* crudCoreData.xcdatamodel */;
			path = crudCoreData.xcdatamodeld;
			sourceTree = "<group>";
			versionGroupType = wrapper.xcdatamodel;
		};
/* End XCVersionGroup section */
	};
	rootObject = A61FF7751AA3962600888738 /* Project object */;
}
